
Microsoft Visual Studio Solution File, Format Version 12.00
# Visual Studio 15
VisualStudioVersion = 15.0.27428.2037
MinimumVisualStudioVersion = 10.0.40219.1
Project("{8BC9CEB8-8B4A-11D0-8D11-00A0C91BC942}") = "GraphicProjectSvasi", "GraphicProjectSvasi\GraphicProjectSvasi.vcxproj", "{EABB7041-3FBA-4479-BB12-7D6F71237655}"
EndProject
Project("{FAE04EC0-301F-11D3-BF4B-00C04F79EFBC}") = "Interfaccia", "Interfaccia\Interfaccia.csproj", "{B742A11A-C1D1-4CCE-9E8B-988CBF43E7EB}"
EndProject
Global
	GlobalSection(SolutionConfigurationPlatforms) = preSolution
		Debug|Any CPU = Debug|Any CPU
		Debug|ARM = Debug|ARM
		Debug|x64 = Debug|x64
		Debug|x86 = Debug|x86
		Release|Any CPU = Release|Any CPU
		Release|ARM = Release|ARM
		Release|x64 = Release|x64
		Release|x86 = Release|x86
	EndGlobalSection
	GlobalSection(ProjectConfigurationPlatforms) = postSolution
		{EABB7041-3FBA-4479-BB12-7D6F71237655}.Debug|Any CPU.ActiveCfg = Debug|Win32
		{EABB7041-3FBA-4479-BB12-7D6F71237655}.Debug|ARM.ActiveCfg = Debug|x64
		{EABB7041-3FBA-4479-BB12-7D6F71237655}.Debug|ARM.Build.0 = Debug|x64
		{EABB7041-3FBA-4479-BB12-7D6F71237655}.Debug|x64.ActiveCfg = Debug|x64
		{EABB7041-3FBA-4479-BB12-7D6F71237655}.Debug|x64.Build.0 = Debug|x64
		{EABB7041-3FBA-4479-BB12-7D6F71237655}.Debug|x86.ActiveCfg = Debug|x64
		{EABB7041-3FBA-4479-BB12-7D6F71237655}.Debug|x86.Build.0 = Debug|x64
		{EABB7041-3FBA-4479-BB12-7D6F71237655}.Release|Any CPU.ActiveCfg = Release|Win32
		{EABB7041-3FBA-4479-BB12-7D6F71237655}.Release|ARM.ActiveCfg = Release|x64
		{EABB7041-3FBA-4479-BB12-7D6F71237655}.Release|ARM.Build.0 = Release|x64
		{EABB7041-3FBA-4479-BB12-7D6F71237655}.Release|x64.ActiveCfg = Release|x64
		{EABB7041-3FBA-4479-BB12-7D6F71237655}.Release|x64.Build.0 = Release|x64
		{EABB7041-3FBA-4479-BB12-7D6F71237655}.Release|x86.ActiveCfg = Release|Win32
		{EABB7041-3FBA-4479-BB12-7D6F71237655}.Release|x86.Build.0 = Release|Win32
		{B742A11A-C1D1-4CCE-9E8B-988CBF43E7EB}.Debug|Any CPU.ActiveCfg = Debug|Any CPU
		{B742A11A-C1D1-4CCE-9E8B-988CBF43E7EB}.Debug|Any CPU.Build.0 = Debug|Any CPU
		{B742A11A-C1D1-4CCE-9E8B-988CBF43E7EB}.Debug|ARM.ActiveCfg = Debug|Any CPU
		{B742A11A-C1D1-4CCE-9E8B-988CBF43E7EB}.Debug|ARM.Build.0 = Debug|Any CPU
		{B742A11A-C1D1-4CCE-9E8B-988CBF43E7EB}.Debug|x64.ActiveCfg = Debug|Any CPU
		{B742A11A-C1D1-4CCE-9E8B-988CBF43E7EB}.Debug|x64.Build.0 = Debug|Any CPU
		{B742A11A-C1D1-4CCE-9E8B-988CBF43E7EB}.Debug|x86.ActiveCfg = Debug|Any CPU
		{B742A11A-C1D1-4CCE-9E8B-988CBF43E7EB}.Debug|x86.Build.0 = Debug|Any CPU
		{B742A11A-C1D1-4CCE-9E8B-988CBF43E7EB}.Release|Any CPU.ActiveCfg = Release|Any CPU
		{B742A11A-C1D1-4CCE-9E8B-988CBF43E7EB}.Release|Any CPU.Build.0 = Release|Any CPU
		{B742A11A-C1D1-4CCE-9E8B-988CBF43E7EB}.Release|ARM.ActiveCfg = Release|Any CPU
		{B742A11A-C1D1-4CCE-9E8B-988CBF43E7EB}.Release|ARM.Build.0 = Release|Any CPU
		{B742A11A-C1D1-4CCE-9E8B-988CBF43E7EB}.Release|x64.ActiveCfg = Release|Any CPU
		{B742A11A-C1D1-4CCE-9E8B-988CBF43E7EB}.Release|x64.Build.0 = Release|Any CPU
		{B742A11A-C1D1-4CCE-9E8B-988CBF43E7EB}.Release|x86.ActiveCfg = Release|Any CPU
		{B742A11A-C1D1-4CCE-9E8B-988CBF43E7EB}.Release|x86.Build.0 = Release|Any CPU
	EndGlobalSection
	GlobalSection(SolutionProperties) = preSolution
		HideSolutionNode = FALSE
	EndGlobalSection
	GlobalSection(ExtensibilityGlobals) = postSolution
		SolutionGuid = {3C6F3EC1-B461-4CF4-ADBB-6DBCD4F5313E}
	EndGlobalSection
EndGlobal
